{
  "name": "nintendofan",
  "lockfileVersion": 3,
  "requires": true,
  "packages": {
    "": {
      "dependencies": {
        "@emailjs/browser": "^4.4.1",
        "nodemailer": "^6.9.16"
      }
    },
    "node_modules/@emailjs/browser": {
      "version": "4.4.1",
      "resolved": "https://registry.npmjs.org/@emailjs/browser/-/browser-4.4.1.tgz",
      "integrity": "sha512-DGSlP9sPvyFba3to2A50kDtZ+pXVp/0rhmqs2LmbMS3I5J8FSOgLwzY2Xb4qfKlOVHh29EAutLYwe5yuEZmEFg==",
      "license": "BSD-3-Clause",
      "engines": {
        "node": ">=14.0.0"
      }
    },
    "node_modules/nodemailer": {
      "version": "6.9.16",
      "resolved": "https://registry.npmjs.org/nodemailer/-/nodemailer-6.9.16.tgz",
      "integrity": "sha512-psAuZdTIRN08HKVd/E8ObdV6NO7NTBY3KsC30F7M4H1OnmLCUNaS56FpYxyb26zWLSyYF9Ozch9KYHhHegsiOQ==",
      "license": "MIT-0",
      "engines": {
        "node": ">=6.0.0"
      }
    }
  }
}
